
Microsoft Visual Studio Solution File, Format Version 12.00
# Visual Studio 15
VisualStudioVersion = 15.0.28010.2046
MinimumVisualStudioVersion = 10.0.40219.1
Project("{FAE04EC0-301F-11D3-BF4B-00C04F79EFBC}") = "iEgypt_M3", "iEgypt_M3\iEgypt_M3.csproj", "{DCA0DC76-EE18-46CE-BD92-76F182B2B485}"
EndProject
Global
	GlobalSection(SolutionConfigurationPlatforms) = preSolution
		Debug|Any CPU = Debug|Any CPU
		Release|Any CPU = Release|Any CPU
	EndGlobalSection
	GlobalSection(ProjectConfigurationPlatforms) = postSolution
		{DCA0DC76-EE18-46CE-BD92-76F182B2B485}.Debug|Any CPU.ActiveCfg = Debug|Any CPU
		{DCA0DC76-EE18-46CE-BD92-76F182B2B485}.Debug|Any CPU.Build.0 = Debug|Any CPU
		{DCA0DC76-EE18-46CE-BD92-76F182B2B485}.Release|Any CPU.ActiveCfg = Release|Any CPU
		{DCA0DC76-EE18-46CE-BD92-76F182B2B485}.Release|Any CPU.Build.0 = Release|Any CPU
	EndGlobalSection
	GlobalSection(SolutionProperties) = preSolution
		HideSolutionNode = FALSE
	EndGlobalSection
	GlobalSection(ExtensibilityGlobals) = postSolution
		SolutionGuid = {69D7C9DC-33E4-480B-A028-CA6219034A9B}
	EndGlobalSection
EndGlobal
